
Microsoft Visual Studio Solution File, Format Version 12.00
# Visual Studio Version 16
VisualStudioVersion = 16.0.32106.194
MinimumVisualStudioVersion = 10.0.40219.1
Project("{FAE04EC0-301F-11D3-BF4B-00C04F79EFBC}") = "PawanDhoundiyal.BookStore", "PawanDhoundiyal.BookStore\PawanDhoundiyal.BookStore.csproj", "{5A3FA897-0DC0-46E1-8ABD-9525BD516522}"
EndProject
Global
	GlobalSection(SolutionConfigurationPlatforms) = preSolution
		Debug|Any CPU = Debug|Any CPU
		Release|Any CPU = Release|Any CPU
	EndGlobalSection
	GlobalSection(ProjectConfigurationPlatforms) = postSolution
		{5A3FA897-0DC0-46E1-8ABD-9525BD516522}.Debug|Any CPU.ActiveCfg = Debug|Any CPU
		{5A3FA897-0DC0-46E1-8ABD-9525BD516522}.Debug|Any CPU.Build.0 = Debug|Any CPU
		{5A3FA897-0DC0-46E1-8ABD-9525BD516522}.Release|Any CPU.ActiveCfg = Release|Any CPU
		{5A3FA897-0DC0-46E1-8ABD-9525BD516522}.Release|Any CPU.Build.0 = Release|Any CPU
	EndGlobalSection
	GlobalSection(SolutionProperties) = preSolution
		HideSolutionNode = FALSE
	EndGlobalSection
	GlobalSection(ExtensibilityGlobals) = postSolution
		SolutionGuid = {CF219F72-9F80-49E9-B215-0F49818A8595}
	EndGlobalSection
EndGlobal
